// !$*UTF8*$!
{
	archiveVersion = 1;
	classes = {
	};
	objectVersion = 46;
	objects = {

/* Begin PBXBuildFile section */
		84913FB21B30EF5500B81A74 /* main.m in Sources */ = {isa = PBXBuildFile; fileRef = 84913FB11B30EF5500B81A74 /* main.m */; };
		84913FB51B30EF5500B81A74 /* AppDelegate.m in Sources */ = {isa = PBXBuildFile; fileRef = 84913FB41B30EF5500B81A74 /* AppDelegate.m */; };
		84913FB81B30EF5500B81A74 /* ViewController.m in Sources */ = {isa = PBXBuildFile; fileRef = 84913FB71B30EF5500B81A74 /* ViewController.m */; };
		84913FBB1B30EF5500B81A74 /* Main.storyboard in Resources */ = {isa = PBXBuildFile; fileRef = 84913FB91B30EF5500B81A74 /* Main.storyboard */; };
		84913FBD1B30EF5500B81A74 /* Images.xcassets in Resources */ = {isa = PBXBuildFile; fileRef = 84913FBC1B30EF5500B81A74 /* Images.xcassets */; };
		84913FC01B30EF5500B81A74 /* LaunchScreen.xib in Resources */ = {isa = PBXBuildFile; fileRef = 84913FBE1B30EF5500B81A74 /* LaunchScreen.xib */; };
		84913FCC1B30EF5500B81A74 /* LocalNotificationsExampleAppTests.m in Sources */ = {isa = PBXBuildFile; fileRef = 84913FCB1B30EF5500B81A74 /* LocalNotificationsExampleAppTests.m */; };
/* End PBXBuildFile section */

/* Begin PBXContainerItemProxy section */
		84913FC61B30EF5500B81A74 /* PBXContainerItemProxy */ = {
			isa = PBXContainerItemProxy;
			containerPortal = 84913FA41B30EF5500B81A74 /* Project object */;
			proxyType = 1;
			remoteGlobalIDString = 84913FAB1B30EF5500B81A74;
			remoteInfo = LocalNotificationsExampleApp;
		};
/* End PBXContainerItemProxy section */

/* Begin PBXFileReference section */
		84913FAC1B30EF5500B81A74 /* LocalNotificationsExampleApp.app */ = {isa = PBXFileReference; explicitFileType = wrapper.application; includeInIndex = 0; path = LocalNotificationsExampleApp.app; sourceTree = BUILT_PRODUCTS_DIR; };
		84913FB01B30EF5500B81A74 /* Info.plist */ = {isa = PBXFileReference; lastKnownFileType = text.plist.xml; path = Info.plist; sourceTree = "<group>"; };
		84913FB11B30EF5500B81A74 /* main.m */ = {isa = PBXFileReference; lastKnownFileType = sourcecode.c.objc; path = main.m; sourceTree = "<group>"; };
		84913FB31B30EF5500B81A74 /* AppDelegate.h */ = {isa = PBXFileReference; lastKnownFileType = sourcecode.c.h; path = AppDelegate.h; sourceTree = "<group>"; };
		84913FB41B30EF5500B81A74 /* AppDelegate.m */ = {isa = PBXFileReference; lastKnownFileType = sourcecode.c.objc; path = AppDelegate.m; sourceTree = "<group>"; };
		84913FB61B30EF5500B81A74 /* ViewController.h */ = {isa = PBXFileReference; lastKnownFileType = sourcecode.c.h; path = ViewController.h; sourceTree = "<group>"; };
		84913FB71B30EF5500B81A74 /* ViewController.m */ = {isa = PBXFileReference; lastKnownFileType = sourcecode.c.objc; path = ViewController.m; sourceTree = "<group>"; };
		84913FBA1B30EF5500B81A74 /* Base */ = {isa = PBXFileReference; lastKnownFileType = file.storyboard; name = Base; path = Base.lproj/Main.storyboard; sourceTree = "<group>"; };
		84913FBC1B30EF5500B81A74 /* Images.xcassets */ = {isa = PBXFileReference; lastKnownFileType = folder.assetcatalog; path = Images.xcassets; sourceTree = "<group>"; };
		84913FBF1B30EF5500B81A74 /* Base */ = {isa = PBXFileReference; lastKnownFileType = file.xib; name = Base; path = Base.lproj/LaunchScreen.xib; sourceTree = "<group>"; };
		84913FC51B30EF5500B81A74 /* LocalNotificationsExampleAppTests.xctest */ = {isa = PBXFileReference; explicitFileType = wrapper.cfbundle; includeInIndex = 0; path = LocalNotificationsExampleAppTests.xctest; sourceTree = BUILT_PRODUCTS_DIR; };
		84913FCA1B30EF5500B81A74 /* Info.plist */ = {isa = PBXFileReference; lastKnownFileType = text.plist.xml; path = Info.plist; sourceTree = "<group>"; };
		84913FCB1B30EF5500B81A74 /* LocalNotificationsExampleAppTests.m */ = {isa = PBXFileReference; lastKnownFileType = sourcecode.c.objc; path = LocalNotificationsExampleAppTests.m; sourceTree = "<group>"; };
/* End PBXFileReference section */

/* Begin PBXFrameworksBuildPhase section */
		84913FA91B30EF5500B81A74 /* Frameworks */ = {
			isa = PBXFrameworksBuildPhase;
			buildActionMask = 2147483647;
			files = (
			);
			runOnlyForDeploymentPostprocessing = 0;
		};
		84913FC21B30EF5500B81A74 /* Frameworks */ = {
			isa = PBXFrameworksBuildPhase;
			buildActionMask = 2147483647;
			files = (
			);
			runOnlyForDeploymentPostprocessing = 0;
		};
/* End PBXFrameworksBuildPhase section */

/* Begin PBXGroup section */
		84913FA31B30EF5500B81A74 = {
			isa = PBXGroup;
			children = (
				84913FAE1B30EF5500B81A74 /* LocalNotificationsExampleApp */,
				84913FC81B30EF5500B81A74 /* LocalNotificationsExampleAppTests */,
				84913FAD1B30EF5500B81A74 /* Products */,
			);
			sourceTree = "<group>";
		};
		84913FAD1B30EF5500B81A74 /* Products */ = {
			isa = PBXGroup;
			children = (
				84913FAC1B30EF5500B81A74 /* LocalNotificationsExampleApp.app */,
				84913FC51B30EF5500B81A74 /* LocalNotificationsExampleAppTests.xctest */,
			);
			name = Products;
			sourceTree = "<group>";
		};
		84913FAE1B30EF5500B81A74 /* LocalNotificationsExampleApp */ = {
			isa = PBXGroup;
			children = (
				84913FB31B30EF5500B81A74 /* AppDelegate.h */,
				84913FB41B30EF5500B81A74 /* AppDelegate.m */,
				84913FB61B30EF5500B81A74 /* ViewController.h */,
				84913FB71B30EF5500B81A74 /* ViewController.m */,
				84913FB91B30EF5500B81A74 /* Main.storyboard */,
				84913FBC1B30EF5500B81A74 /* Images.xcassets */,
				84913FBE1B30EF5500B81A74 /* LaunchScreen.xib */,
				84913FAF1B30EF5500B81A74 /* Supporting Files */,
			);
			path = LocalNotificationsExampleApp;
			sourceTree = "<group>";
		};
		84913FAF1B30EF5500B81A74 /* Supporting Files */ = {
			isa = PBXGroup;
			children = (
				84913FB01B30EF5500B81A74 /* Info.plist */,
				84913FB11B30EF5500B81A74 /* main.m */,
			);
			name = "Supporting Files";
			sourceTree = "<group>";
		};
		84913FC81B30EF5500B81A74 /* LocalNotificationsExampleAppTests */ = {
			isa = PBXGroup;
			children = (
				84913FCB1B30EF5500B81A74 /* LocalNotificationsExampleAppTests.m */,
				84913FC91B30EF5500B81A74 /* Supporting Files */,
			);
			path = LocalNotificationsExampleAppTests;
			sourceTree = "<group>";
		};
		84913FC91B30EF5500B81A74 /* Supporting Files */ = {
			isa = PBXGroup;
			children = (
				84913FCA1B30EF5500B81A74 /* Info.plist */,
			);
			name = "Supporting Files";
			sourceTree = "<group>";
		};
/* End PBXGroup section */

/* Begin PBXNativeTarget section */
		84913FAB1B30EF5500B81A74 /* LocalNotificationsExampleApp */ = {
			isa = PBXNativeTarget;
			buildConfigurationList = 84913FCF1B30EF5500B81A74 /* Build configuration list for PBXNativeTarget "LocalNotificationsExampleApp" */;
			buildPhases = (
				84913FA81B30EF5500B81A74 /* Sources */,
				84913FA91B30EF5500B81A74 /* Frameworks */,
				84913FAA1B30EF5500B81A74 /* Resources */,
			);
			buildRules = (
			);
			dependencies = (
			);
			name = LocalNotificationsExampleApp;
			productName = LocalNotificationsExampleApp;
			productReference = 84913FAC1B30EF5500B81A74 /* LocalNotificationsExampleApp.app */;
			productType = "com.apple.product-type.application";
		};
		84913FC41B30EF5500B81A74 /* LocalNotificationsExampleAppTests */ = {
			isa = PBXNativeTarget;
			buildConfigurationList = 84913FD21B30EF5500B81A74 /* Build configuration list for PBXNativeTarget "LocalNotificationsExampleAppTests" */;
			buildPhases = (
				84913FC11B30EF5500B81A74 /* Sources */,
				84913FC21B30EF5500B81A74 /* Frameworks */,
				84913FC31B30EF5500B81A74 /* Resources */,
			);
			buildRules = (
			);
			dependencies = (
				84913FC71B30EF5500B81A74 /* PBXTargetDependency */,
			);
			name = LocalNotificationsExampleAppTests;
			productName = LocalNotificationsExampleAppTests;
			productReference = 84913FC51B30EF5500B81A74 /* LocalNotificationsExampleAppTests.xctest */;
			productType = "com.apple.product-type.bundle.unit-test";
		};
/* End PBXNativeTarget section */

/* Begin PBXProject section */
		84913FA41B30EF5500B81A74 /* Project object */ = {
			isa = PBXProject;
			attributes = {
				LastUpgradeCheck = 0630;
				ORGANIZATIONNAME = "Brent Dady";
				TargetAttributes = {
					84913FAB1B30EF5500B81A74 = {
						CreatedOnToolsVersion = 6.3.2;
					};
					84913FC41B30EF5500B81A74 = {
						CreatedOnToolsVersion = 6.3.2;
						TestTargetID = 84913FAB1B30EF5500B81A74;
					};
				};
			};
			buildConfigurationList = 84913FA71B30EF5500B81A74 /* Build configuration list for PBXProject "LocalNotificationsExampleApp" */;
			compatibilityVersion = "Xcode 3.2";
			developmentRegion = English;
			hasScannedForEncodings = 0;
			knownRegions = (
				en,
				Base,
			);
			mainGroup = 84913FA31B30EF5500B81A74;
			productRefGroup = 84913FAD1B30EF5500B81A74 /* Products */;
			projectDirPath = "";
			projectRoot = "";
			targets = (
				84913FAB1B30EF5500B81A74 /* LocalNotificationsExampleApp */,
				84913FC41B30EF5500B81A74 /* LocalNotificationsExampleAppTests */,
			);
		};
/* End PBXProject section */

/* Begin PBXResourcesBuildPhase section */
		84913FAA1B30EF5500B81A74 /* Resources */ = {
			isa = PBXResourcesBuildPhase;
			buildActionMask = 2147483647;
			files = (
				84913FBB1B30EF5500B81A74 /* Main.storyboard in Resources */,
				84913FC01B30EF5500B81A74 /* LaunchScreen.xib in Resources */,
				84913FBD1B30EF5500B81A74 /* Images.xcassets in Resources */,
			);
			runOnlyForDeploymentPostprocessing = 0;
		};
		84913FC31B30EF5500B81A74 /* Resources */ = {
			isa = PBXResourcesBuildPhase;
			buildActionMask = 2147483647;
			files = (
			);
			runOnlyForDeploymentPostprocessing = 0;
		};
/* End PBXResourcesBuildPhase section */

/* Begin PBXSourcesBuildPhase section */
		84913FA81B30EF5500B81A74 /* Sources */ = {
			isa = PBXSourcesBuildPhase;
			buildActionMask = 2147483647;
			files = (
				84913FB81B30EF5500B81A74 /* ViewController.m in Sources */,
				84913FB51B30EF5500B81A74 /* AppDelegate.m in Sources */,
				84913FB21B30EF5500B81A74 /* main.m in Sources */,
			);
			runOnlyForDeploymentPostprocessing = 0;
		};
		84913FC11B30EF5500B81A74 /* Sources */ = {
			isa = PBXSourcesBuildPhase;
			buildActionMask = 2147483647;
			files = (
				84913FCC1B30EF5500B81A74 /* LocalNotificationsExampleAppTests.m in Sources */,
			);
			runOnlyForDeploymentPostprocessing = 0;
		};
/* End PBXSourcesBuildPhase section */

/* Begin PBXTargetDependency section */
		84913FC71B30EF5500B81A74 /* PBXTargetDependency */ = {
			isa = PBXTargetDependency;
			target = 84913FAB1B30EF5500B81A74 /* LocalNotificationsExampleApp */;
			targetProxy = 84913FC61B30EF5500B81A74 /* PBXContainerItemProxy */;
		};
/* End PBXTargetDependency section */

/* Begin PBXVariantGroup section */
		84913FB91B30EF5500B81A74 /* Main.storyboard */ = {
			isa = PBXVariantGroup;
			children = (
				84913FBA1B30EF5500B81A74 /* Base */,
			);
			name = Main.storyboard;
			sourceTree = "<group>";
		};
		84913FBE1B30EF5500B81A74 /* LaunchScreen.xib */ = {
			isa = PBXVariantGroup;
			children = (
				84913FBF1B30EF5500B81A74 /* Base */,
			);
			name = LaunchScreen.xib;
			sourceTree = "<group>";
		};
/* End PBXVariantGroup section */

/* Begin XCBuildConfiguration section */
		84913FCD1B30EF5500B81A74 /* Debug */ = {
			isa = XCBuildConfiguration;
			buildSettings = {
				ALWAYS_SEARCH_USER_PATHS = NO;
				CLANG_CXX_LANGUAGE_STANDARD = "gnu++0x";
				CLANG_CXX_LIBRARY = "libc++";
				CLANG_ENABLE_MODULES = YES;
				CLANG_ENABLE_OBJC_ARC = YES;
				CLANG_WARN_BOOL_CONVERSION = YES;
				CLANG_WARN_CONSTANT_CONVERSION = YES;
				CLANG_WARN_DIRECT_OBJC_ISA_USAGE = YES_ERROR;
				CLANG_WARN_EMPTY_BODY = YES;
				CLANG_WARN_ENUM_CONVERSION = YES;
				CLANG_WARN_INT_CONVERSION = YES;
				CLANG_WARN_OBJC_ROOT_CLASS = YES_ERROR;
				CLANG_WARN_UNREACHABLE_CODE = YES;
				CLANG_WARN__DUPLICATE_METHOD_MATCH = YES;
				"CODE_SIGN_IDENTITY[sdk=iphoneos*]" = "iPhone Developer";
				COPY_PHASE_STRIP = NO;
				DEBUG_INFORMATION_FORMAT = "dwarf-with-dsym";
				ENABLE_STRICT_OBJC_MSGSEND = YES;
				GCC_C_LANGUAGE_STANDARD = gnu99;
				GCC_DYNAMIC_NO_PIC = NO;
				GCC_NO_COMMON_BLOCKS = YES;
				GCC_OPTIMIZATION_LEVEL = 0;
				GCC_PREPROCESSOR_DEFINITIONS = (
					"DEBUG=1",
					"$(inherited)",
				);
				GCC_SYMBOLS_PRIVATE_EXTERN = NO;
				GCC_WARN_64_TO_32_BIT_CONVERSION = YES;
				GCC_WARN_ABOUT_RETURN_TYPE = YES_ERROR;
				GCC_WARN_UNDECLARED_SELECTOR = YES;
				GCC_WARN_UNINITIALIZED_AUTOS = YES_AGGRESSIVE;
				GCC_WARN_UNUSED_FUNCTION = YES;
				GCC_WARN_UNUSED_VARIABLE = YES;
				IPHONEOS_DEPLOYMENT_TARGET = 8.3;
				MTL_ENABLE_DEBUG_INFO = YES;
				ONLY_ACTIVE_ARCH = YES;
				SDKROOT = iphoneos;
			};
			name = Debug;
		};
		84913FCE1B30EF5500B81A74 /* Release */ = {
			isa = XCBuildConfiguration;
			buildSettings = {
				ALWAYS_SEARCH_USER_PATHS = NO;
				CLANG_CXX_LANGUAGE_STANDARD = "gnu++0x";
				CLANG_CXX_LIBRARY = "libc++";
				CLANG_ENABLE_MODULES = YES;
				CLANG_ENABLE_OBJC_ARC = YES;
				CLANG_WARN_BOOL_CONVERSION = YES;
				CLANG_WARN_CONSTANT_CONVERSION = YES;
				CLANG_WARN_DIRECT_OBJC_ISA_USAGE = YES_ERROR;
				CLANG_WARN_EMPTY_BODY = YES;
				CLANG_WARN_ENUM_CONVERSION = YES;
				CLANG_WARN_INT_CONVERSION = YES;
				CLANG_WARN_OBJC_ROOT_CLASS = YES_ERROR;
				CLANG_WARN_UNREACHABLE_CODE = YES;
				CLANG_WARN__DUPLICATE_METHOD_MATCH = YES;
				"CODE_SIGN_IDENTITY[sdk=iphoneos*]" = "iPhone Developer";
				COPY_PHASE_STRIP = NO;
				DEBUG_INFORMATION_FORMAT = "dwarf-with-dsym";
				ENABLE_NS_ASSERTIONS = NO;
				ENABLE_STRICT_OBJC_MSGSEND = YES;
				GCC_C_LANGUAGE_STANDARD = gnu99;
				GCC_NO_COMMON_BLOCKS = YES;
				GCC_WARN_64_TO_32_BIT_CONVERSION = YES;
				GCC_WARN_ABOUT_RETURN_TYPE = YES_ERROR;
				GCC_WARN_UNDECLARED_SELECTOR = YES;
				GCC_WARN_UNINITIALIZED_AUTOS = YES_AGGRESSIVE;
				GCC_WARN_UNUSED_FUNCTION = YES;
				GCC_WARN_UNUSED_VARIABLE = YES;
				IPHONEOS_DEPLOYMENT_TARGET = 8.3;
				MTL_ENABLE_DEBUG_INFO = NO;
				SDKROOT = iphoneos;
				VALIDATE_PRODUCT = YES;
			};
			name = Release;
		};
		84913FD01B30EF5500B81A74 /* Debug */ = {
			isa = XCBuildConfiguration;
			buildSettings = {
				ASSETCATALOG_COMPILER_APPICON_NAME = AppIcon;
				INFOPLIST_FILE = LocalNotificationsExampleApp/Info.plist;
				LD_RUNPATH_SEARCH_PATHS = "$(inherited) @executable_path/Frameworks";
				PRODUCT_NAME = "$(TARGET_NAME)";
			};
			name = Debug;
		};
		84913FD11B30EF5500B81A74 /* Release */ = {
			isa = XCBuildConfiguration;
			buildSettings = {
				ASSETCATALOG_COMPILER_APPICON_NAME = AppIcon;
				INFOPLIST_FILE = LocalNotificationsExampleApp/Info.plist;
				LD_RUNPATH_SEARCH_PATHS = "$(inherited) @executable_path/Frameworks";
				PRODUCT_NAME = "$(TARGET_NAME)";
			};
			name = Release;
		};
		84913FD31B30EF5500B81A74 /* Debug */ = {
			isa = XCBuildConfiguration;
			buildSettings = {
				BUNDLE_LOADER = "$(TEST_HOST)";
				FRAMEWORK_SEARCH_PATHS = (
					"$(SDKROOT)/Developer/Library/Frameworks",
					"$(inherited)",
				);
				GCC_PREPROCESSOR_DEFINITIONS = (
					"DEBUG=1",
					"$(inherited)",
				);
				INFOPLIST_FILE = LocalNotificationsExampleAppTests/Info.plist;
				LD_RUNPATH_SEARCH_PATHS = "$(inherited) @executable_path/Frameworks @loader_path/Frameworks";
				PRODUCT_NAME = "$(TARGET_NAME)";
				TEST_HOST = "$(BUILT_PRODUCTS_DIR)/LocalNotificationsExampleApp.app/LocalNotificationsExampleApp";
			};
			name = Debug;
		};
		84913FD41B30EF5500B81A74 /* Release */ = {
			isa = XCBuildConfiguration;
			buildSettings = {
				BUNDLE_LOADER = "$(TEST_HOST)";
				FRAMEWORK_SEARCH_PATHS = (
					"$(SDKROOT)/Developer/Library/Frameworks",
					"$(inherited)",
				);
				INFOPLIST_FILE = LocalNotificationsExampleAppTests/Info.plist;
				LD_RUNPATH_SEARCH_PATHS = "$(inherited) @executable_path/Frameworks @loader_path/Frameworks";
				PRODUCT_NAME = "$(TARGET_NAME)";
				TEST_HOST = "$(BUILT_PRODUCTS_DIR)/LocalNotificationsExampleApp.app/LocalNotificationsExampleApp";
			};
			name = Release;
		};
/* End XCBuildConfiguration section */

/* Begin XCConfigurationList section */
		84913FA71B30EF5500B81A74 /* Build configuration list for PBXProject "LocalNotificationsExampleApp" */ = {
			isa = XCConfigurationList;
			buildConfigurations = (
				84913FCD1B30EF5500B81A74 /* Debug */,
				84913FCE1B30EF5500B81A74 /* Release */,
			);
			defaultConfigurationIsVisible = 0;
			defaultConfigurationName = Release;
		};
		84913FCF1B30EF5500B81A74 /* Build configuration list for PBXNativeTarget "LocalNotificationsExampleApp" */ = {
			isa = XCConfigurationList;
			buildConfigurations = (
				84913FD01B30EF5500B81A74 /* Debug */,
				84913FD11B30EF5500B81A74 /* Release */,
			);
			defaultConfigurationIsVisible = 0;
		};
		84913FD21B30EF5500B81A74 /* Build configuration list for PBXNativeTarget "LocalNotificationsExampleAppTests" */ = {
			isa = XCConfigurationList;
			buildConfigurations = (
				84913FD31B30EF5500B81A74 /* Debug */,
				84913FD41B30EF5500B81A74 /* Release */,
			);
			defaultConfigurationIsVisible = 0;
		};
/* End XCConfigurationList section */
	};
	rootObject = 84913FA41B30EF5500B81A74 /* Project object */;
}
